{
  "name": "org-parse",
  "lockfileVersion": 2,
  "requires": true,
  "packages": {
    "": {
      "dependencies": {
        "org": "^0.2.0"
      }
    },
    "node_modules/org": {
      "version": "0.2.0",
      "resolved": "https://registry.npmjs.org/org/-/org-0.2.0.tgz",
      "integrity": "sha512-jlArvMYhC9ZZSwrZQDfkC1q6lCX/200qr24hkEavQc6cbigA1Y92uwDfpvPgLqpOQSLfSQi6XvmTtglsKX9riw=="
    }
  },
  "dependencies": {
    "org": {
      "version": "0.2.0",
      "resolved": "https://registry.npmjs.org/org/-/org-0.2.0.tgz",
      "integrity": "sha512-jlArvMYhC9ZZSwrZQDfkC1q6lCX/200qr24hkEavQc6cbigA1Y92uwDfpvPgLqpOQSLfSQi6XvmTtglsKX9riw=="
    }
  }
}
